<?xml version="1.0" encoding="utf-8"?>
<Project ToolsVersion="4.0" xmlns="http://schemas.microsoft.com/developer/msbuild/2003">
  <ItemGroup>
    <Filter Include="ソース ファイル">
      <UniqueIdentifier>{4FC737F1-C7A5-4376-A066-2A32D752A2FF}</UniqueIdentifier>
      <Extensions>cpp;c;cc;cxx;c++;cppm;ixx;def;odl;idl;hpj;bat;asm;asmx</Extensions>
    </Filter>
    <Filter Include="ヘッダー ファイル">
      <UniqueIdentifier>{93995380-89BD-4b04-88EB-625FBE52EBFB}</UniqueIdentifier>
      <Extensions>h;hh;hpp;hxx;h++;hm;inl;inc;ipp;xsd</Extensions>
    </Filter>
    <Filter Include="リソース ファイル">
      <UniqueIdentifier>{67DA6AB6-F800-4c08-8B7A-83BB121AAD01}</UniqueIdentifier>
      <Extensions>rc;ico;cur;bmp;dlg;rc2;rct;bin;rgs;gif;jpg;jpeg;jpe;resx;tiff;tif;png;wav;mfcribbon-ms</Extensions>
    </Filter>
    <Filter Include="ソース ファイル\Engine">
      <UniqueIdentifier>{03018dcb-1897-46e1-b705-3da92e5b9026}</UniqueIdentifier>
    </Filter>
    <Filter Include="ソース ファイル\Game">
      <UniqueIdentifier>{c16cfce2-14b5-437b-99ec-743c0b0c93ad}</UniqueIdentifier>
    </Filter>
    <Filter Include="ヘッダー ファイル\Engine">
      <UniqueIdentifier>{7bc75ffc-bbe2-482b-90bd-c593f56dfc2a}</UniqueIdentifier>
    </Filter>
    <Filter Include="ヘッダー ファイル\Game">
      <UniqueIdentifier>{f8ff9552-7ab5-4cd0-bb66-5f6aebab2082}</UniqueIdentifier>
    </Filter>
    <Filter Include="ソース ファイル\Engine\Input">
      <UniqueIdentifier>{1b01d4f4-91f9-4563-9124-642552b55241}</UniqueIdentifier>
    </Filter>
    <Filter Include="ヘッダー ファイル\Engine\Input">
      <UniqueIdentifier>{f31ecc67-46c4-4d91-a38b-6b9f2d94acdb}</UniqueIdentifier>
    </Filter>
    <Filter Include="ヘッダー ファイル\Engine\Core">
      <UniqueIdentifier>{e4468cc3-05bf-41cf-a869-4da7476d2e69}</UniqueIdentifier>
    </Filter>
    <Filter Include="ソース ファイル\Engine\Core">
      <UniqueIdentifier>{e4fed768-2515-42df-b977-4c7cfd60b500}</UniqueIdentifier>
    </Filter>
    <Filter Include="ソース ファイル\Game\Scenes">
      <UniqueIdentifier>{94c54a68-cdb2-4ee0-8e45-e5dce5925d87}</UniqueIdentifier>
    </Filter>
    <Filter Include="ソース ファイル\Game\Scripts">
      <UniqueIdentifier>{55acba9a-beb1-4e62-b7ba-1e66bf0a0c43}</UniqueIdentifier>
    </Filter>
    <Filter Include="ヘッダー ファイル\Game\Scripts">
      <UniqueIdentifier>{ef86bd9f-0771-4127-82b4-5a3d7e7bee44}</UniqueIdentifier>
    </Filter>
    <Filter Include="ヘッダー ファイル\Game\Scenes">
      <UniqueIdentifier>{84c5ed93-363e-46df-a99e-9688481a7892}</UniqueIdentifier>
    </Filter>
    <Filter Include="ヘッダー ファイル\Main">
      <UniqueIdentifier>{8f301057-50c7-44b5-8a0d-0891ac255ac5}</UniqueIdentifier>
    </Filter>
    <Filter Include="ソース ファイル\Main">
      <UniqueIdentifier>{ce76f179-e974-4c51-877a-bc4bd85a9da5}</UniqueIdentifier>
    </Filter>
    <Filter Include="ソース ファイル\Engine\Graphics">
      <UniqueIdentifier>{b53af0fd-10a0-4937-8360-d4eb30aebf8c}</UniqueIdentifier>
    </Filter>
    <Filter Include="ヘッダー ファイル\Engine\Scene">
      <UniqueIdentifier>{8c418cce-73b2-4c0f-b075-ee19d29d9e72}</UniqueIdentifier>
    </Filter>
    <Filter Include="ソース ファイル\Engine\Json">
      <UniqueIdentifier>{a64a2d2d-9bef-4e91-aad5-b3b0a316aa9f}</UniqueIdentifier>
    </Filter>
    <Filter Include="シェーダーファイル">
      <UniqueIdentifier>{896e93ee-0ca1-47e4-9bce-170f321972e3}</UniqueIdentifier>
    </Filter>
    <Filter Include="ヘッダー ファイル\Engine\Graphics">
      <UniqueIdentifier>{851dc816-5907-4b1c-9ede-c90d947742f0}</UniqueIdentifier>
    </Filter>
    <Filter Include="ソース ファイル\Engine\Scene">
      <UniqueIdentifier>{143ef963-6e53-449c-bb50-b0bfee995097}</UniqueIdentifier>
    </Filter>
    <Filter Include="ソース ファイル\Engine\Component">
      <UniqueIdentifier>{27ff4c2e-7c55-4690-83b6-8bc284c0b2bb}</UniqueIdentifier>
    </Filter>
    <Filter Include="ヘッダー ファイル\Engine\Component">
      <UniqueIdentifier>{fcf34ccf-eb1e-4d73-81b1-86f543871f2d}</UniqueIdentifier>
    </Filter>
    <Filter Include="ソース ファイル\Engine\Editor">
      <UniqueIdentifier>{dbbc7aea-e5d7-4ccc-8f8b-aebadf1a3cf3}</UniqueIdentifier>
    </Filter>
    <Filter Include="ヘッダー ファイル\Engine\Editor">
      <UniqueIdentifier>{daf42d03-78f7-4d02-877e-b4984cf1da0b}</UniqueIdentifier>
    </Filter>
    <Filter Include="ヘッダー ファイル\Engine\Editor\ImGui">
      <UniqueIdentifier>{ea55a1a5-93f1-4482-9345-819b6e018ff0}</UniqueIdentifier>
    </Filter>
    <Filter Include="ソース ファイル\Engine\Editor\ImGui">
      <UniqueIdentifier>{f48d594b-b332-475e-a212-b87877d68806}</UniqueIdentifier>
    </Filter>
    <Filter Include="ソース ファイル\Engine\System">
      <UniqueIdentifier>{0bae416d-046c-4310-beac-734a58afb16e}</UniqueIdentifier>
    </Filter>
    <Filter Include="ソース ファイル\Engine\System\Physics">
      <UniqueIdentifier>{d2f390ae-a2bb-41ff-89b0-1f11c6863bc9}</UniqueIdentifier>
    </Filter>
    <Filter Include="ヘッダー ファイル\Engine\System">
      <UniqueIdentifier>{456b38bb-9326-4406-b66c-20a42c0b3a2c}</UniqueIdentifier>
    </Filter>
    <Filter Include="ヘッダー ファイル\Engine\System\Physics">
      <UniqueIdentifier>{879f6791-570e-49ff-87c2-37cfc212315c}</UniqueIdentifier>
    </Filter>
  </ItemGroup>
  <ItemGroup>
    <ClInclude Include="Headerfile\Engine\Core\Application.h">
      <Filter>ヘッダー ファイル\Engine\Core</Filter>
    </ClInclude>
    <ClInclude Include="Headerfile\Engine\Scene\GameObject.h">
      <Filter>ヘッダー ファイル\Engine\Scene</Filter>
    </ClInclude>
    <ClInclude Include="SourceFile\Engine\Json\json.hpp">
      <Filter>ソース ファイル\Engine\Json</Filter>
    </ClInclude>
    <ClInclude Include="Headerfile\Engine\Graphics\Camera.h">
      <Filter>ヘッダー ファイル\Engine\Graphics</Filter>
    </ClInclude>
    <ClInclude Include="Headerfile\Engine\Graphics\DirectXManager.h">
      <Filter>ヘッダー ファイル\Engine\Graphics</Filter>
    </ClInclude>
    <ClInclude Include="Headerfile\Engine\Graphics\Mesh.h">
      <Filter>ヘッダー ファイル\Engine\Graphics</Filter>
    </ClInclude>
    <ClInclude Include="Headerfile\Engine\Graphics\Shader.h">
      <Filter>ヘッダー ファイル\Engine\Graphics</Filter>
    </ClInclude>
    <ClInclude Include="Headerfile\Engine\Graphics\stb_image.h">
      <Filter>ヘッダー ファイル\Engine\Graphics</Filter>
    </ClInclude>
    <ClInclude Include="Headerfile\Engine\Graphics\Texture.h">
      <Filter>ヘッダー ファイル\Engine\Graphics</Filter>
    </ClInclude>
    <ClInclude Include="Headerfile\Engine\Component\ComponentBase.h">
      <Filter>ヘッダー ファイル\Engine\Component</Filter>
    </ClInclude>
    <ClInclude Include="Headerfile\Engine\Component\TransformComponent.h">
      <Filter>ヘッダー ファイル\Engine\Component</Filter>
    </ClInclude>
    <ClInclude Include="..\Dependencies\ImGui\ImGuizmo.h">
      <Filter>ヘッダー ファイル\Engine\Editor\ImGui</Filter>
    </ClInclude>
    <ClInclude Include="Headerfile\Engine\Scene\OrbitCamera.h">
      <Filter>ヘッダー ファイル\Engine\Scene</Filter>
    </ClInclude>
    <ClInclude Include="Headerfile\Engine\Component\AABBColliderComponent.h">
      <Filter>ヘッダー ファイル\Engine\Component</Filter>
    </ClInclude>
    <ClInclude Include="Headerfile\Engine\Component\ColliderBase.h">
      <Filter>ヘッダー ファイル\Engine\Component</Filter>
    </ClInclude>
    <ClInclude Include="Headerfile\Engine\Component\OBBColliderComponent.h">
      <Filter>ヘッダー ファイル\Engine\Component</Filter>
    </ClInclude>
    <ClInclude Include="Headerfile\Engine\Graphics\DebugRenderer.h">
      <Filter>ヘッダー ファイル\Engine\Graphics</Filter>
    </ClInclude>
    <ClInclude Include="Headerfile\Engine\Graphics\Renderer.h">
      <Filter>ヘッダー ファイル\Engine\Graphics</Filter>
    </ClInclude>
    <ClInclude Include="Headerfile\Engine\Editor\EditorUI.h">
      <Filter>ヘッダー ファイル\Engine\Editor</Filter>
    </ClInclude>
    <ClInclude Include="Headerfile\Engine\Editor\ImGuiManager.h">
      <Filter>ヘッダー ファイル\Engine\Editor</Filter>
    </ClInclude>
    <ClInclude Include="Headerfile\Engine\System\Physics\PhysicsSystem.h">
      <Filter>ヘッダー ファイル\Engine\System\Physics</Filter>
    </ClInclude>
    <ClInclude Include="Headerfile\Engine\System\Physics\RigidbodySystem.h">
      <Filter>ヘッダー ファイル\Engine\System\Physics</Filter>
    </ClInclude>
    <ClInclude Include="Headerfile\Engine\Scene\SceneManager.h">
      <Filter>ヘッダー ファイル\Engine\Scene</Filter>
    </ClInclude>
  </ItemGroup>
  <ItemGroup>
    <ClCompile Include="SourceFile\Engine\Core\Application.cpp">
      <Filter>ソース ファイル\Engine\Core</Filter>
    </ClCompile>
    <ClCompile Include="SourceFile\Main\Main.cpp">
      <Filter>ソース ファイル\Main</Filter>
    </ClCompile>
    <ClCompile Include="SourceFile\Engine\Graphics\DirectXManager.cpp">
      <Filter>ソース ファイル\Engine\Graphics</Filter>
    </ClCompile>
    <ClCompile Include="..\Dependencies\ImGui\imgui.cpp">
      <Filter>ソース ファイル\Engine\Editor\ImGui</Filter>
    </ClCompile>
    <ClCompile Include="..\Dependencies\ImGui\imgui_demo.cpp">
      <Filter>ソース ファイル\Engine\Editor\ImGui</Filter>
    </ClCompile>
    <ClCompile Include="..\Dependencies\ImGui\imgui_draw.cpp">
      <Filter>ソース ファイル\Engine\Editor\ImGui</Filter>
    </ClCompile>
    <ClCompile Include="..\Dependencies\ImGui\imgui_tables.cpp">
      <Filter>ソース ファイル\Engine\Editor\ImGui</Filter>
    </ClCompile>
    <ClCompile Include="..\Dependencies\ImGui\imgui_widgets.cpp">
      <Filter>ソース ファイル\Engine\Editor\ImGui</Filter>
    </ClCompile>
    <ClCompile Include="..\Dependencies\ImGui\imgui_impl_dx11.cpp">
      <Filter>ソース ファイル\Engine\Editor\ImGui</Filter>
    </ClCompile>
    <ClCompile Include="..\Dependencies\ImGui\imgui_impl_win32.cpp">
      <Filter>ソース ファイル\Engine\Editor\ImGui</Filter>
    </ClCompile>
    <ClCompile Include="SourceFile\Engine\Graphics\Mesh.cpp">
      <Filter>ソース ファイル\Engine\Graphics</Filter>
    </ClCompile>
    <ClCompile Include="SourceFile\Engine\Graphics\Shader.cpp">
      <Filter>ソース ファイル\Engine\Graphics</Filter>
    </ClCompile>
    <ClCompile Include="SourceFile\Engine\Graphics\Camera.cpp">
      <Filter>ソース ファイル\Engine\Graphics</Filter>
    </ClCompile>
    <ClCompile Include="SourceFile\Engine\Graphics\Texture.cpp">
      <Filter>ソース ファイル\Engine\Graphics</Filter>
    </ClCompile>
    <ClCompile Include="SourceFile\Engine\Scene\GameObject.cpp">
      <Filter>ソース ファイル\Engine\Scene</Filter>
    </ClCompile>
    <ClCompile Include="Headerfile\Engine\Component\MeshRendererComponent.h">
      <Filter>ヘッダー ファイル\Engine\Component</Filter>
    </ClCompile>
    <ClCompile Include="..\Dependencies\ImGui\ImGuizmo.cpp">
      <Filter>ソース ファイル\Engine\Editor\ImGui</Filter>
    </ClCompile>
    <ClCompile Include="SourceFile\Engine\Scene\OrbitCamera.cpp">
      <Filter>ソース ファイル\Engine\Scene</Filter>
    </ClCompile>
    <ClCompile Include="SourceFile\Engine\Component\AABBColliderComponent.cpp">
      <Filter>ソース ファイル\Engine\Component</Filter>
    </ClCompile>
    <ClCompile Include="SourceFile\Engine\Component\OBBColliderComponent.cpp">
      <Filter>ソース ファイル\Engine\Component</Filter>
    </ClCompile>
    <ClCompile Include="SourceFile\Engine\Graphics\DebugRenderere.cpp">
      <Filter>ソース ファイル\Engine\Graphics</Filter>
    </ClCompile>
    <ClCompile Include="SourceFile\Engine\Graphics\Renderer.cpp">
      <Filter>ソース ファイル\Engine\Graphics</Filter>
    </ClCompile>
    <ClCompile Include="SourceFile\Engine\Editor\EditorUI.cpp">
      <Filter>ソース ファイル\Engine\Editor</Filter>
    </ClCompile>
    <ClCompile Include="SourceFile\Engine\Editor\ImGuiManager.cpp">
      <Filter>ソース ファイル\Engine\Editor</Filter>
    </ClCompile>
    <ClCompile Include="Headerfile\Engine\Component\RigidbodyComponent.h">
      <Filter>ヘッダー ファイル\Engine\Component</Filter>
    </ClCompile>
    <ClCompile Include="SourceFile\Engine\System\Physics\PhysicsSysten.cpp">
      <Filter>ソース ファイル\Engine\System\Physics</Filter>
    </ClCompile>
    <ClCompile Include="SourceFile\Engine\System\Physics\RigidbodySystem.cpp">
      <Filter>ソース ファイル\Engine\System\Physics</Filter>
    </ClCompile>
    <ClCompile Include="SourceFile\Engine\Scene\SceneManager.cpp">
      <Filter>ソース ファイル\Engine\Scene</Filter>
    </ClCompile>
  </ItemGroup>
  <ItemGroup>
    <Text Include="ShaderFile\SimpleShader.hlsl">
      <Filter>シェーダーファイル</Filter>
    </Text>
  </ItemGroup>
</Project>